
Microsoft Visual Studio Solution File, Format Version 12.00
# Visual Studio Version 17
VisualStudioVersion = 17.5.002.0
MinimumVisualStudioVersion = 10.0.40219.1
Project("{2150E333-8FDC-42A3-9474-1A3956D46DE8}") = "lottery_game", "lottery_game", "{A3DE2D74-F8C1-40F4-B078-DA22A83C8949}"
EndProject
Project("{9A19103F-16F7-4668-BE54-9A1E7A4F7556}") = "LotteryGame", "lottery_game\src\LotteryGame.csproj", "{D70FDC21-BE44-4677-9934-170A9F7C15B4}"
EndProject
Project("{9A19103F-16F7-4668-BE54-9A1E7A4F7556}") = "LotteryGame.Tests", "lottery_game\test\LotteryGame.Tests.csproj", "{7C921C37-1AC3-497A-A218-E5DB7AEFC494}"
EndProject
Global
	GlobalSection(SolutionConfigurationPlatforms) = preSolution
		Debug|Any CPU = Debug|Any CPU
		Release|Any CPU = Release|Any CPU
	EndGlobalSection
	GlobalSection(ProjectConfigurationPlatforms) = postSolution
		{D70FDC21-BE44-4677-9934-170A9F7C15B4}.Debug|Any CPU.ActiveCfg = Debug|Any CPU
		{D70FDC21-BE44-4677-9934-170A9F7C15B4}.Debug|Any CPU.Build.0 = Debug|Any CPU
		{D70FDC21-BE44-4677-9934-170A9F7C15B4}.Release|Any CPU.ActiveCfg = Release|Any CPU
		{D70FDC21-BE44-4677-9934-170A9F7C15B4}.Release|Any CPU.Build.0 = Release|Any CPU
		{7C921C37-1AC3-497A-A218-E5DB7AEFC494}.Debug|Any CPU.ActiveCfg = Debug|Any CPU
		{7C921C37-1AC3-497A-A218-E5DB7AEFC494}.Debug|Any CPU.Build.0 = Debug|Any CPU
		{7C921C37-1AC3-497A-A218-E5DB7AEFC494}.Release|Any CPU.ActiveCfg = Release|Any CPU
		{7C921C37-1AC3-497A-A218-E5DB7AEFC494}.Release|Any CPU.Build.0 = Release|Any CPU
	EndGlobalSection
	GlobalSection(SolutionProperties) = preSolution
		HideSolutionNode = FALSE
	EndGlobalSection
	GlobalSection(NestedProjects) = preSolution
		{D70FDC21-BE44-4677-9934-170A9F7C15B4} = {A3DE2D74-F8C1-40F4-B078-DA22A83C8949}
		{7C921C37-1AC3-497A-A218-E5DB7AEFC494} = {A3DE2D74-F8C1-40F4-B078-DA22A83C8949}
	EndGlobalSection
	GlobalSection(ExtensibilityGlobals) = postSolution
		SolutionGuid = {23A8F133-8338-489D-A40E-59144EB2B888}
	EndGlobalSection
EndGlobal
